
Microsoft Visual Studio Solution File, Format Version 12.00
# Visual Studio 15
VisualStudioVersion = 15.0.28307.421
MinimumVisualStudioVersion = 10.0.40219.1
Project("{FAE04EC0-301F-11D3-BF4B-00C04F79EFBC}") = "TigerTaiwanTripWebApp", "TigerTaiwanTripWebApp\TigerTaiwanTripWebApp.csproj", "{1182885A-C7AB-46E7-B2F3-5A613C1649CF}"
EndProject
Project("{FAE04EC0-301F-11D3-BF4B-00C04F79EFBC}") = "TigerTaiwanTripDomain", "TigerTaiwanTripDomain\TigerTaiwanTripDomain.csproj", "{7ABCA485-40E8-4757-955B-7159C619EF34}"
EndProject
Global
	GlobalSection(SolutionConfigurationPlatforms) = preSolution
		Debug|Any CPU = Debug|Any CPU
		Release|Any CPU = Release|Any CPU
	EndGlobalSection
	GlobalSection(ProjectConfigurationPlatforms) = postSolution
		{1182885A-C7AB-46E7-B2F3-5A613C1649CF}.Debug|Any CPU.ActiveCfg = Debug|Any CPU
		{1182885A-C7AB-46E7-B2F3-5A613C1649CF}.Debug|Any CPU.Build.0 = Debug|Any CPU
		{1182885A-C7AB-46E7-B2F3-5A613C1649CF}.Release|Any CPU.ActiveCfg = Release|Any CPU
		{1182885A-C7AB-46E7-B2F3-5A613C1649CF}.Release|Any CPU.Build.0 = Release|Any CPU
		{7ABCA485-40E8-4757-955B-7159C619EF34}.Debug|Any CPU.ActiveCfg = Debug|Any CPU
		{7ABCA485-40E8-4757-955B-7159C619EF34}.Debug|Any CPU.Build.0 = Debug|Any CPU
		{7ABCA485-40E8-4757-955B-7159C619EF34}.Release|Any CPU.ActiveCfg = Release|Any CPU
		{7ABCA485-40E8-4757-955B-7159C619EF34}.Release|Any CPU.Build.0 = Release|Any CPU
	EndGlobalSection
	GlobalSection(SolutionProperties) = preSolution
		HideSolutionNode = FALSE
	EndGlobalSection
	GlobalSection(ExtensibilityGlobals) = postSolution
		SolutionGuid = {6764A6AD-6868-4252-8292-50E24ED8548B}
	EndGlobalSection
EndGlobal
